<Solution>
  <Folder Name="/samples/">
    <Project Path="samples/WebApp/WebApp.csproj" />
  </Folder>
  <Folder Name="/src/">
    <Project Path="src/Phipes.Blog/Phipes.Blog.csproj" />
  </Folder>
  <Folder Name="/tests/">
    <Project Path="tests/UnitTests/UnitTests.csproj" />
  </Folder>
</Solution>
